
Microsoft Visual Studio Solution File, Format Version 12.00
# Visual Studio Version 17
VisualStudioVersion = 17.13.35825.156 d17.13
MinimumVisualStudioVersion = 10.0.40219.1
Project("{FAE04EC0-301F-11D3-BF4B-00C04F79EFBC}") = "EnviarEmail.AppWebMVC", "EnviarEmail.AppWebMVC\EnviarEmail.AppWebMVC.csproj", "{C639E88B-85F1-4F5B-9381-1D0F9CCEEBEA}"
EndProject
Global
	GlobalSection(SolutionConfigurationPlatforms) = preSolution
		Debug|Any CPU = Debug|Any CPU
		Release|Any CPU = Release|Any CPU
	EndGlobalSection
	GlobalSection(ProjectConfigurationPlatforms) = postSolution
		{C639E88B-85F1-4F5B-9381-1D0F9CCEEBEA}.Debug|Any CPU.ActiveCfg = Debug|Any CPU
		{C639E88B-85F1-4F5B-9381-1D0F9CCEEBEA}.Debug|Any CPU.Build.0 = Debug|Any CPU
		{C639E88B-85F1-4F5B-9381-1D0F9CCEEBEA}.Release|Any CPU.ActiveCfg = Release|Any CPU
		{C639E88B-85F1-4F5B-9381-1D0F9CCEEBEA}.Release|Any CPU.Build.0 = Release|Any CPU
	EndGlobalSection
	GlobalSection(SolutionProperties) = preSolution
		HideSolutionNode = FALSE
	EndGlobalSection
	GlobalSection(ExtensibilityGlobals) = postSolution
		SolutionGuid = {A06F2C85-7F91-4656-B575-F165D145B7B6}
	EndGlobalSection
EndGlobal
